
Microsoft Visual Studio Solution File, Format Version 12.00
# Visual Studio 15
VisualStudioVersion = 15.0.26403.7
MinimumVisualStudioVersion = 10.0.40219.1
Project("{8BC9CEB8-8B4A-11D0-8D11-00A0C91BC942}") = "CBLog", "CBLog\CBLog.vcxproj", "{9936A2EE-0C27-421E-93E1-5D72851E4706}"
EndProject
Project("{8BC9CEB8-8B4A-11D0-8D11-00A0C91BC942}") = "CBStr", "CBStr\CBStr.vcxproj", "{9D9DF584-C892-4CB6-B531-C085E803DADE}"
EndProject
Project("{8BC9CEB8-8B4A-11D0-8D11-00A0C91BC942}") = "TestApp", "TestApp\TestApp.vcxproj", "{EB51E9EE-CC6E-4E81-BA9A-B33A024BE528}"
	ProjectSection(ProjectDependencies) = postProject
		{9D9DF584-C892-4CB6-B531-C085E803DADE} = {9D9DF584-C892-4CB6-B531-C085E803DADE}
		{9936A2EE-0C27-421E-93E1-5D72851E4706} = {9936A2EE-0C27-421E-93E1-5D72851E4706}
	EndProjectSection
EndProject
Project("{8BC9CEB8-8B4A-11D0-8D11-00A0C91BC942}") = "CBXml", "CBXml\CBXml.vcxproj", "{90EEEF07-258A-49A1-AEC4-325A51F8FC06}"
EndProject
Project("{8BC9CEB8-8B4A-11D0-8D11-00A0C91BC942}") = "CBIO", "CBIO\CBIO.vcxproj", "{31A3C5FD-DEB8-465E-8F93-956E554C2604}"
EndProject
Project("{8BC9CEB8-8B4A-11D0-8D11-00A0C91BC942}") = "CBMath", "CBMath\CBMath.vcxproj", "{AB2D9AF3-63CE-47CC-8E2F-41D1ED4220A1}"
EndProject
Project("{2150E333-8FDC-42A3-9474-1A3956D46DE8}") = "Tests", "Tests", "{0A495374-BC01-4A72-9CCD-80E7B70AE4C2}"
EndProject
Project("{8BC9CEB8-8B4A-11D0-8D11-00A0C91BC942}") = "TestCBStr", "TestCBStr\TestCBStr.vcxproj", "{3A4CB096-6F87-4B7B-BA78-2D7FB4648E90}"
EndProject
Project("{8BC9CEB8-8B4A-11D0-8D11-00A0C91BC942}") = "TestCBLog", "TestCBLog\TestCBLog.vcxproj", "{76EA9C89-977A-499A-BDC5-78DDE7134228}"
EndProject
Project("{8BC9CEB8-8B4A-11D0-8D11-00A0C91BC942}") = "TestCBIO", "TestCBIO\TestCBIO.vcxproj", "{DBDE07DB-E615-4289-9EB9-C524DB538B88}"
EndProject
Project("{8BC9CEB8-8B4A-11D0-8D11-00A0C91BC942}") = "TestCBXml", "TestCBXml\TestCBXml.vcxproj", "{BBDD5876-6BF1-40D3-B0DE-323F54CBC6B8}"
EndProject
Global
	GlobalSection(SolutionConfigurationPlatforms) = preSolution
		Debug|x64 = Debug|x64
		Debug|x86 = Debug|x86
		Release|x64 = Release|x64
		Release|x86 = Release|x86
	EndGlobalSection
	GlobalSection(ProjectConfigurationPlatforms) = postSolution
		{9936A2EE-0C27-421E-93E1-5D72851E4706}.Debug|x64.ActiveCfg = Debug|x64
		{9936A2EE-0C27-421E-93E1-5D72851E4706}.Debug|x64.Build.0 = Debug|x64
		{9936A2EE-0C27-421E-93E1-5D72851E4706}.Debug|x86.ActiveCfg = Debug|Win32
		{9936A2EE-0C27-421E-93E1-5D72851E4706}.Debug|x86.Build.0 = Debug|Win32
		{9936A2EE-0C27-421E-93E1-5D72851E4706}.Release|x64.ActiveCfg = Release|x64
		{9936A2EE-0C27-421E-93E1-5D72851E4706}.Release|x64.Build.0 = Release|x64
		{9936A2EE-0C27-421E-93E1-5D72851E4706}.Release|x86.ActiveCfg = Release|Win32
		{9936A2EE-0C27-421E-93E1-5D72851E4706}.Release|x86.Build.0 = Release|Win32
		{9D9DF584-C892-4CB6-B531-C085E803DADE}.Debug|x64.ActiveCfg = Debug|x64
		{9D9DF584-C892-4CB6-B531-C085E803DADE}.Debug|x64.Build.0 = Debug|x64
		{9D9DF584-C892-4CB6-B531-C085E803DADE}.Debug|x86.ActiveCfg = Debug|Win32
		{9D9DF584-C892-4CB6-B531-C085E803DADE}.Debug|x86.Build.0 = Debug|Win32
		{9D9DF584-C892-4CB6-B531-C085E803DADE}.Release|x64.ActiveCfg = Release|x64
		{9D9DF584-C892-4CB6-B531-C085E803DADE}.Release|x64.Build.0 = Release|x64
		{9D9DF584-C892-4CB6-B531-C085E803DADE}.Release|x86.ActiveCfg = Release|Win32
		{9D9DF584-C892-4CB6-B531-C085E803DADE}.Release|x86.Build.0 = Release|Win32
		{EB51E9EE-CC6E-4E81-BA9A-B33A024BE528}.Debug|x64.ActiveCfg = Debug|x64
		{EB51E9EE-CC6E-4E81-BA9A-B33A024BE528}.Debug|x64.Build.0 = Debug|x64
		{EB51E9EE-CC6E-4E81-BA9A-B33A024BE528}.Debug|x86.ActiveCfg = Debug|Win32
		{EB51E9EE-CC6E-4E81-BA9A-B33A024BE528}.Debug|x86.Build.0 = Debug|Win32
		{EB51E9EE-CC6E-4E81-BA9A-B33A024BE528}.Release|x64.ActiveCfg = Release|x64
		{EB51E9EE-CC6E-4E81-BA9A-B33A024BE528}.Release|x64.Build.0 = Release|x64
		{EB51E9EE-CC6E-4E81-BA9A-B33A024BE528}.Release|x86.ActiveCfg = Release|Win32
		{EB51E9EE-CC6E-4E81-BA9A-B33A024BE528}.Release|x86.Build.0 = Release|Win32
		{90EEEF07-258A-49A1-AEC4-325A51F8FC06}.Debug|x64.ActiveCfg = Debug|x64
		{90EEEF07-258A-49A1-AEC4-325A51F8FC06}.Debug|x64.Build.0 = Debug|x64
		{90EEEF07-258A-49A1-AEC4-325A51F8FC06}.Debug|x86.ActiveCfg = Debug|Win32
		{90EEEF07-258A-49A1-AEC4-325A51F8FC06}.Debug|x86.Build.0 = Debug|Win32
		{90EEEF07-258A-49A1-AEC4-325A51F8FC06}.Release|x64.ActiveCfg = Release|x64
		{90EEEF07-258A-49A1-AEC4-325A51F8FC06}.Release|x64.Build.0 = Release|x64
		{90EEEF07-258A-49A1-AEC4-325A51F8FC06}.Release|x86.ActiveCfg = Release|Win32
		{90EEEF07-258A-49A1-AEC4-325A51F8FC06}.Release|x86.Build.0 = Release|Win32
		{31A3C5FD-DEB8-465E-8F93-956E554C2604}.Debug|x64.ActiveCfg = Debug|x64
		{31A3C5FD-DEB8-465E-8F93-956E554C2604}.Debug|x64.Build.0 = Debug|x64
		{31A3C5FD-DEB8-465E-8F93-956E554C2604}.Debug|x86.ActiveCfg = Debug|Win32
		{31A3C5FD-DEB8-465E-8F93-956E554C2604}.Debug|x86.Build.0 = Debug|Win32
		{31A3C5FD-DEB8-465E-8F93-956E554C2604}.Release|x64.ActiveCfg = Release|x64
		{31A3C5FD-DEB8-465E-8F93-956E554C2604}.Release|x64.Build.0 = Release|x64
		{31A3C5FD-DEB8-465E-8F93-956E554C2604}.Release|x86.ActiveCfg = Release|Win32
		{31A3C5FD-DEB8-465E-8F93-956E554C2604}.Release|x86.Build.0 = Release|Win32
		{AB2D9AF3-63CE-47CC-8E2F-41D1ED4220A1}.Debug|x64.ActiveCfg = Debug|x64
		{AB2D9AF3-63CE-47CC-8E2F-41D1ED4220A1}.Debug|x64.Build.0 = Debug|x64
		{AB2D9AF3-63CE-47CC-8E2F-41D1ED4220A1}.Debug|x86.ActiveCfg = Debug|Win32
		{AB2D9AF3-63CE-47CC-8E2F-41D1ED4220A1}.Debug|x86.Build.0 = Debug|Win32
		{AB2D9AF3-63CE-47CC-8E2F-41D1ED4220A1}.Release|x64.ActiveCfg = Release|x64
		{AB2D9AF3-63CE-47CC-8E2F-41D1ED4220A1}.Release|x64.Build.0 = Release|x64
		{AB2D9AF3-63CE-47CC-8E2F-41D1ED4220A1}.Release|x86.ActiveCfg = Release|Win32
		{AB2D9AF3-63CE-47CC-8E2F-41D1ED4220A1}.Release|x86.Build.0 = Release|Win32
		{3A4CB096-6F87-4B7B-BA78-2D7FB4648E90}.Debug|x64.ActiveCfg = Debug|x64
		{3A4CB096-6F87-4B7B-BA78-2D7FB4648E90}.Debug|x64.Build.0 = Debug|x64
		{3A4CB096-6F87-4B7B-BA78-2D7FB4648E90}.Debug|x86.ActiveCfg = Debug|Win32
		{3A4CB096-6F87-4B7B-BA78-2D7FB4648E90}.Debug|x86.Build.0 = Debug|Win32
		{3A4CB096-6F87-4B7B-BA78-2D7FB4648E90}.Release|x64.ActiveCfg = Release|x64
		{3A4CB096-6F87-4B7B-BA78-2D7FB4648E90}.Release|x64.Build.0 = Release|x64
		{3A4CB096-6F87-4B7B-BA78-2D7FB4648E90}.Release|x86.ActiveCfg = Release|Win32
		{3A4CB096-6F87-4B7B-BA78-2D7FB4648E90}.Release|x86.Build.0 = Release|Win32
		{76EA9C89-977A-499A-BDC5-78DDE7134228}.Debug|x64.ActiveCfg = Debug|x64
		{76EA9C89-977A-499A-BDC5-78DDE7134228}.Debug|x64.Build.0 = Debug|x64
		{76EA9C89-977A-499A-BDC5-78DDE7134228}.Debug|x86.ActiveCfg = Debug|Win32
		{76EA9C89-977A-499A-BDC5-78DDE7134228}.Debug|x86.Build.0 = Debug|Win32
		{76EA9C89-977A-499A-BDC5-78DDE7134228}.Release|x64.ActiveCfg = Release|x64
		{76EA9C89-977A-499A-BDC5-78DDE7134228}.Release|x64.Build.0 = Release|x64
		{76EA9C89-977A-499A-BDC5-78DDE7134228}.Release|x86.ActiveCfg = Release|Win32
		{76EA9C89-977A-499A-BDC5-78DDE7134228}.Release|x86.Build.0 = Release|Win32
		{DBDE07DB-E615-4289-9EB9-C524DB538B88}.Debug|x64.ActiveCfg = Debug|x64
		{DBDE07DB-E615-4289-9EB9-C524DB538B88}.Debug|x64.Build.0 = Debug|x64
		{DBDE07DB-E615-4289-9EB9-C524DB538B88}.Debug|x86.ActiveCfg = Debug|Win32
		{DBDE07DB-E615-4289-9EB9-C524DB538B88}.Debug|x86.Build.0 = Debug|Win32
		{DBDE07DB-E615-4289-9EB9-C524DB538B88}.Release|x64.ActiveCfg = Release|x64
		{DBDE07DB-E615-4289-9EB9-C524DB538B88}.Release|x64.Build.0 = Release|x64
		{DBDE07DB-E615-4289-9EB9-C524DB538B88}.Release|x86.ActiveCfg = Release|Win32
		{DBDE07DB-E615-4289-9EB9-C524DB538B88}.Release|x86.Build.0 = Release|Win32
		{BBDD5876-6BF1-40D3-B0DE-323F54CBC6B8}.Debug|x64.ActiveCfg = Debug|x64
		{BBDD5876-6BF1-40D3-B0DE-323F54CBC6B8}.Debug|x64.Build.0 = Debug|x64
		{BBDD5876-6BF1-40D3-B0DE-323F54CBC6B8}.Debug|x86.ActiveCfg = Debug|Win32
		{BBDD5876-6BF1-40D3-B0DE-323F54CBC6B8}.Debug|x86.Build.0 = Debug|Win32
		{BBDD5876-6BF1-40D3-B0DE-323F54CBC6B8}.Release|x64.ActiveCfg = Release|x64
		{BBDD5876-6BF1-40D3-B0DE-323F54CBC6B8}.Release|x64.Build.0 = Release|x64
		{BBDD5876-6BF1-40D3-B0DE-323F54CBC6B8}.Release|x86.ActiveCfg = Release|Win32
		{BBDD5876-6BF1-40D3-B0DE-323F54CBC6B8}.Release|x86.Build.0 = Release|Win32
	EndGlobalSection
	GlobalSection(SolutionProperties) = preSolution
		HideSolutionNode = FALSE
	EndGlobalSection
	GlobalSection(NestedProjects) = preSolution
		{3A4CB096-6F87-4B7B-BA78-2D7FB4648E90} = {0A495374-BC01-4A72-9CCD-80E7B70AE4C2}
		{76EA9C89-977A-499A-BDC5-78DDE7134228} = {0A495374-BC01-4A72-9CCD-80E7B70AE4C2}
		{DBDE07DB-E615-4289-9EB9-C524DB538B88} = {0A495374-BC01-4A72-9CCD-80E7B70AE4C2}
		{BBDD5876-6BF1-40D3-B0DE-323F54CBC6B8} = {0A495374-BC01-4A72-9CCD-80E7B70AE4C2}
	EndGlobalSection
EndGlobal
