
Microsoft Visual Studio Solution File, Format Version 12.00
# Visual Studio 15
VisualStudioVersion = 15.0.26403.7
MinimumVisualStudioVersion = 10.0.40219.1
Project("{8BC9CEB8-8B4A-11D0-8D11-00A0C91BC942}") = "CBGL", "CBGL\CBGL.vcxproj", "{CF032A6F-36E4-4CF8-BC01-B63D021B2CA9}"
EndProject
Project("{8BC9CEB8-8B4A-11D0-8D11-00A0C91BC942}") = "CBStr", "CBStr\CBStr.vcxproj", "{9D9DF584-C892-4CB6-B531-C085E803DADE}"
EndProject
Project("{2150E333-8FDC-42A3-9474-1A3956D46DE8}") = "src", "src", "{D37F8BE8-7FBB-4761-AF79-65BB0308351B}"
EndProject
Project("{8BC9CEB8-8B4A-11D0-8D11-00A0C91BC942}") = "CBLog", "CBLog\CBLog.vcxproj", "{9936A2EE-0C27-421E-93E1-5D72851E4706}"
EndProject
Project("{8BC9CEB8-8B4A-11D0-8D11-00A0C91BC942}") = "CBXml", "CBXml\CBXml.vcxproj", "{90EEEF07-258A-49A1-AEC4-325A51F8FC06}"
EndProject
Project("{8BC9CEB8-8B4A-11D0-8D11-00A0C91BC942}") = "CBIO", "CBIO\CBIO.vcxproj", "{31A3C5FD-DEB8-465E-8F93-956E554C2604}"
EndProject
Project("{8BC9CEB8-8B4A-11D0-8D11-00A0C91BC942}") = "CBMath", "CBMath\CBMath.vcxproj", "{AB2D9AF3-63CE-47CC-8E2F-41D1ED4220A1}"
EndProject
Project("{8BC9CEB8-8B4A-11D0-8D11-00A0C91BC942}") = "CBSDL", "CBSDL\CBSDL.vcxproj", "{6191B53E-E40C-4410-8329-255D37E88D3E}"
EndProject
Project("{2150E333-8FDC-42A3-9474-1A3956D46DE8}") = "test", "test", "{E45DCA76-7BD0-47F9-9409-2515671EE8AF}"
EndProject
Project("{8BC9CEB8-8B4A-11D0-8D11-00A0C91BC942}") = "TestApp", "..\test\TestApp\TestApp.vcxproj", "{EB51E9EE-CC6E-4E81-BA9A-B33A024BE528}"
EndProject
Project("{2150E333-8FDC-42A3-9474-1A3956D46DE8}") = "3rd", "3rd", "{9D805A2D-F2EF-4276-BC76-C0E645AA8F9D}"
EndProject
Project("{8BC9CEB8-8B4A-11D0-8D11-00A0C91BC942}") = "glew_static", "..\3rd\glew\build\vc12\glew_static.vcxproj", "{664E6F0D-6784-4760-9565-D54F8EB1EDF4}"
EndProject
Project("{8BC9CEB8-8B4A-11D0-8D11-00A0C91BC942}") = "SDL2", "..\3rd\SDL\VisualC\SDL\SDL.vcxproj", "{81CE8DAF-EBB2-4761-8E45-B71ABCCA8C68}"
EndProject
Project("{8BC9CEB8-8B4A-11D0-8D11-00A0C91BC942}") = "SDL2main", "..\3rd\SDL\VisualC\SDLmain\SDLmain.vcxproj", "{DA956FD3-E142-46F2-9DD5-C78BEBB56B7A}"
EndProject
Project("{8BC9CEB8-8B4A-11D0-8D11-00A0C91BC942}") = "SDL2_image", "..\3rd\SDL_image\VisualC\SDL_image.vcxproj", "{2BD5534E-00E2-4BEA-AC96-D9A92EA24696}"
EndProject
Project("{8BC9CEB8-8B4A-11D0-8D11-00A0C91BC942}") = "SDL2_ttf", "..\3rd\SDL_ttf\VisualC\SDL_ttf.vcxproj", "{DDDBD07D-DC76-4AF6-8D02-3E2DEB6EE255}"
EndProject
Project("{8BC9CEB8-8B4A-11D0-8D11-00A0C91BC942}") = "TestCBStr", "..\test\TestCBStr\TestCBStr.vcxproj", "{3A4CB096-6F87-4B7B-BA78-2D7FB4648E90}"
EndProject
Global
	GlobalSection(SolutionConfigurationPlatforms) = preSolution
		Debug|x64 = Debug|x64
		Debug|x86 = Debug|x86
		Release|x64 = Release|x64
		Release|x86 = Release|x86
	EndGlobalSection
	GlobalSection(ProjectConfigurationPlatforms) = postSolution
		{CF032A6F-36E4-4CF8-BC01-B63D021B2CA9}.Debug|x64.ActiveCfg = Debug|x64
		{CF032A6F-36E4-4CF8-BC01-B63D021B2CA9}.Debug|x64.Build.0 = Debug|x64
		{CF032A6F-36E4-4CF8-BC01-B63D021B2CA9}.Debug|x86.ActiveCfg = Debug|Win32
		{CF032A6F-36E4-4CF8-BC01-B63D021B2CA9}.Debug|x86.Build.0 = Debug|Win32
		{CF032A6F-36E4-4CF8-BC01-B63D021B2CA9}.Debug|x86.Deploy.0 = Debug|Win32
		{CF032A6F-36E4-4CF8-BC01-B63D021B2CA9}.Release|x64.ActiveCfg = Release|x64
		{CF032A6F-36E4-4CF8-BC01-B63D021B2CA9}.Release|x64.Build.0 = Release|x64
		{CF032A6F-36E4-4CF8-BC01-B63D021B2CA9}.Release|x64.Deploy.0 = Release|x64
		{CF032A6F-36E4-4CF8-BC01-B63D021B2CA9}.Release|x86.ActiveCfg = Release|Win32
		{CF032A6F-36E4-4CF8-BC01-B63D021B2CA9}.Release|x86.Build.0 = Release|Win32
		{CF032A6F-36E4-4CF8-BC01-B63D021B2CA9}.Release|x86.Deploy.0 = Release|Win32
		{9D9DF584-C892-4CB6-B531-C085E803DADE}.Debug|x64.ActiveCfg = Debug|x64
		{9D9DF584-C892-4CB6-B531-C085E803DADE}.Debug|x64.Build.0 = Debug|x64
		{9D9DF584-C892-4CB6-B531-C085E803DADE}.Debug|x86.ActiveCfg = Debug|Win32
		{9D9DF584-C892-4CB6-B531-C085E803DADE}.Debug|x86.Build.0 = Debug|Win32
		{9D9DF584-C892-4CB6-B531-C085E803DADE}.Release|x64.ActiveCfg = Release|x64
		{9D9DF584-C892-4CB6-B531-C085E803DADE}.Release|x64.Build.0 = Release|x64
		{9D9DF584-C892-4CB6-B531-C085E803DADE}.Release|x86.ActiveCfg = Release|Win32
		{9D9DF584-C892-4CB6-B531-C085E803DADE}.Release|x86.Build.0 = Release|Win32
		{9936A2EE-0C27-421E-93E1-5D72851E4706}.Debug|x64.ActiveCfg = Debug|x64
		{9936A2EE-0C27-421E-93E1-5D72851E4706}.Debug|x64.Build.0 = Debug|x64
		{9936A2EE-0C27-421E-93E1-5D72851E4706}.Debug|x86.ActiveCfg = Debug|Win32
		{9936A2EE-0C27-421E-93E1-5D72851E4706}.Debug|x86.Build.0 = Debug|Win32
		{9936A2EE-0C27-421E-93E1-5D72851E4706}.Release|x64.ActiveCfg = Release|x64
		{9936A2EE-0C27-421E-93E1-5D72851E4706}.Release|x64.Build.0 = Release|x64
		{9936A2EE-0C27-421E-93E1-5D72851E4706}.Release|x86.ActiveCfg = Release|Win32
		{9936A2EE-0C27-421E-93E1-5D72851E4706}.Release|x86.Build.0 = Release|Win32
		{90EEEF07-258A-49A1-AEC4-325A51F8FC06}.Debug|x64.ActiveCfg = Debug|x64
		{90EEEF07-258A-49A1-AEC4-325A51F8FC06}.Debug|x64.Build.0 = Debug|x64
		{90EEEF07-258A-49A1-AEC4-325A51F8FC06}.Debug|x86.ActiveCfg = Debug|Win32
		{90EEEF07-258A-49A1-AEC4-325A51F8FC06}.Debug|x86.Build.0 = Debug|Win32
		{90EEEF07-258A-49A1-AEC4-325A51F8FC06}.Release|x64.ActiveCfg = Release|x64
		{90EEEF07-258A-49A1-AEC4-325A51F8FC06}.Release|x64.Build.0 = Release|x64
		{90EEEF07-258A-49A1-AEC4-325A51F8FC06}.Release|x86.ActiveCfg = Release|Win32
		{90EEEF07-258A-49A1-AEC4-325A51F8FC06}.Release|x86.Build.0 = Release|Win32
		{31A3C5FD-DEB8-465E-8F93-956E554C2604}.Debug|x64.ActiveCfg = Debug|x64
		{31A3C5FD-DEB8-465E-8F93-956E554C2604}.Debug|x64.Build.0 = Debug|x64
		{31A3C5FD-DEB8-465E-8F93-956E554C2604}.Debug|x86.ActiveCfg = Debug|Win32
		{31A3C5FD-DEB8-465E-8F93-956E554C2604}.Debug|x86.Build.0 = Debug|Win32
		{31A3C5FD-DEB8-465E-8F93-956E554C2604}.Release|x64.ActiveCfg = Release|x64
		{31A3C5FD-DEB8-465E-8F93-956E554C2604}.Release|x64.Build.0 = Release|x64
		{31A3C5FD-DEB8-465E-8F93-956E554C2604}.Release|x86.ActiveCfg = Release|Win32
		{31A3C5FD-DEB8-465E-8F93-956E554C2604}.Release|x86.Build.0 = Release|Win32
		{AB2D9AF3-63CE-47CC-8E2F-41D1ED4220A1}.Debug|x64.ActiveCfg = Debug|x64
		{AB2D9AF3-63CE-47CC-8E2F-41D1ED4220A1}.Debug|x64.Build.0 = Debug|x64
		{AB2D9AF3-63CE-47CC-8E2F-41D1ED4220A1}.Debug|x86.ActiveCfg = Debug|Win32
		{AB2D9AF3-63CE-47CC-8E2F-41D1ED4220A1}.Debug|x86.Build.0 = Debug|Win32
		{AB2D9AF3-63CE-47CC-8E2F-41D1ED4220A1}.Release|x64.ActiveCfg = Release|x64
		{AB2D9AF3-63CE-47CC-8E2F-41D1ED4220A1}.Release|x64.Build.0 = Release|x64
		{AB2D9AF3-63CE-47CC-8E2F-41D1ED4220A1}.Release|x86.ActiveCfg = Release|Win32
		{AB2D9AF3-63CE-47CC-8E2F-41D1ED4220A1}.Release|x86.Build.0 = Release|Win32
		{6191B53E-E40C-4410-8329-255D37E88D3E}.Debug|x64.ActiveCfg = Debug|x64
		{6191B53E-E40C-4410-8329-255D37E88D3E}.Debug|x64.Build.0 = Debug|x64
		{6191B53E-E40C-4410-8329-255D37E88D3E}.Debug|x86.ActiveCfg = Debug|Win32
		{6191B53E-E40C-4410-8329-255D37E88D3E}.Debug|x86.Build.0 = Debug|Win32
		{6191B53E-E40C-4410-8329-255D37E88D3E}.Release|x64.ActiveCfg = Release|x64
		{6191B53E-E40C-4410-8329-255D37E88D3E}.Release|x64.Build.0 = Release|x64
		{6191B53E-E40C-4410-8329-255D37E88D3E}.Release|x86.ActiveCfg = Release|Win32
		{6191B53E-E40C-4410-8329-255D37E88D3E}.Release|x86.Build.0 = Release|Win32
		{EB51E9EE-CC6E-4E81-BA9A-B33A024BE528}.Debug|x64.ActiveCfg = Debug|x64
		{EB51E9EE-CC6E-4E81-BA9A-B33A024BE528}.Debug|x64.Build.0 = Debug|x64
		{EB51E9EE-CC6E-4E81-BA9A-B33A024BE528}.Debug|x86.ActiveCfg = Debug|Win32
		{EB51E9EE-CC6E-4E81-BA9A-B33A024BE528}.Debug|x86.Build.0 = Debug|Win32
		{EB51E9EE-CC6E-4E81-BA9A-B33A024BE528}.Release|x64.ActiveCfg = Release|x64
		{EB51E9EE-CC6E-4E81-BA9A-B33A024BE528}.Release|x64.Build.0 = Release|x64
		{EB51E9EE-CC6E-4E81-BA9A-B33A024BE528}.Release|x86.ActiveCfg = Release|Win32
		{EB51E9EE-CC6E-4E81-BA9A-B33A024BE528}.Release|x86.Build.0 = Release|Win32
		{664E6F0D-6784-4760-9565-D54F8EB1EDF4}.Debug|x64.ActiveCfg = Debug|x64
		{664E6F0D-6784-4760-9565-D54F8EB1EDF4}.Debug|x64.Build.0 = Debug|x64
		{664E6F0D-6784-4760-9565-D54F8EB1EDF4}.Debug|x86.ActiveCfg = Debug|Win32
		{664E6F0D-6784-4760-9565-D54F8EB1EDF4}.Debug|x86.Build.0 = Debug|Win32
		{664E6F0D-6784-4760-9565-D54F8EB1EDF4}.Release|x64.ActiveCfg = Release|x64
		{664E6F0D-6784-4760-9565-D54F8EB1EDF4}.Release|x64.Build.0 = Release|x64
		{664E6F0D-6784-4760-9565-D54F8EB1EDF4}.Release|x86.ActiveCfg = Release|Win32
		{664E6F0D-6784-4760-9565-D54F8EB1EDF4}.Release|x86.Build.0 = Release|Win32
		{81CE8DAF-EBB2-4761-8E45-B71ABCCA8C68}.Debug|x64.ActiveCfg = Debug|x64
		{81CE8DAF-EBB2-4761-8E45-B71ABCCA8C68}.Debug|x64.Build.0 = Debug|x64
		{81CE8DAF-EBB2-4761-8E45-B71ABCCA8C68}.Debug|x86.ActiveCfg = Debug|Win32
		{81CE8DAF-EBB2-4761-8E45-B71ABCCA8C68}.Debug|x86.Build.0 = Debug|Win32
		{81CE8DAF-EBB2-4761-8E45-B71ABCCA8C68}.Release|x64.ActiveCfg = Release|x64
		{81CE8DAF-EBB2-4761-8E45-B71ABCCA8C68}.Release|x64.Build.0 = Release|x64
		{81CE8DAF-EBB2-4761-8E45-B71ABCCA8C68}.Release|x86.ActiveCfg = Release|Win32
		{81CE8DAF-EBB2-4761-8E45-B71ABCCA8C68}.Release|x86.Build.0 = Release|Win32
		{DA956FD3-E142-46F2-9DD5-C78BEBB56B7A}.Debug|x64.ActiveCfg = Debug|x64
		{DA956FD3-E142-46F2-9DD5-C78BEBB56B7A}.Debug|x64.Build.0 = Debug|x64
		{DA956FD3-E142-46F2-9DD5-C78BEBB56B7A}.Debug|x86.ActiveCfg = Debug|Win32
		{DA956FD3-E142-46F2-9DD5-C78BEBB56B7A}.Debug|x86.Build.0 = Debug|Win32
		{DA956FD3-E142-46F2-9DD5-C78BEBB56B7A}.Release|x64.ActiveCfg = Release|x64
		{DA956FD3-E142-46F2-9DD5-C78BEBB56B7A}.Release|x64.Build.0 = Release|x64
		{DA956FD3-E142-46F2-9DD5-C78BEBB56B7A}.Release|x86.ActiveCfg = Release|Win32
		{DA956FD3-E142-46F2-9DD5-C78BEBB56B7A}.Release|x86.Build.0 = Release|Win32
		{2BD5534E-00E2-4BEA-AC96-D9A92EA24696}.Debug|x64.ActiveCfg = Debug|x64
		{2BD5534E-00E2-4BEA-AC96-D9A92EA24696}.Debug|x64.Build.0 = Debug|x64
		{2BD5534E-00E2-4BEA-AC96-D9A92EA24696}.Debug|x86.ActiveCfg = Debug|Win32
		{2BD5534E-00E2-4BEA-AC96-D9A92EA24696}.Debug|x86.Build.0 = Debug|Win32
		{2BD5534E-00E2-4BEA-AC96-D9A92EA24696}.Release|x64.ActiveCfg = Release|x64
		{2BD5534E-00E2-4BEA-AC96-D9A92EA24696}.Release|x64.Build.0 = Release|x64
		{2BD5534E-00E2-4BEA-AC96-D9A92EA24696}.Release|x86.ActiveCfg = Release|Win32
		{2BD5534E-00E2-4BEA-AC96-D9A92EA24696}.Release|x86.Build.0 = Release|Win32
		{DDDBD07D-DC76-4AF6-8D02-3E2DEB6EE255}.Debug|x64.ActiveCfg = Debug|x64
		{DDDBD07D-DC76-4AF6-8D02-3E2DEB6EE255}.Debug|x64.Build.0 = Debug|x64
		{DDDBD07D-DC76-4AF6-8D02-3E2DEB6EE255}.Debug|x86.ActiveCfg = Debug|Win32
		{DDDBD07D-DC76-4AF6-8D02-3E2DEB6EE255}.Debug|x86.Build.0 = Debug|Win32
		{DDDBD07D-DC76-4AF6-8D02-3E2DEB6EE255}.Release|x64.ActiveCfg = Release|x64
		{DDDBD07D-DC76-4AF6-8D02-3E2DEB6EE255}.Release|x64.Build.0 = Release|x64
		{DDDBD07D-DC76-4AF6-8D02-3E2DEB6EE255}.Release|x86.ActiveCfg = Release|Win32
		{DDDBD07D-DC76-4AF6-8D02-3E2DEB6EE255}.Release|x86.Build.0 = Release|Win32
		{3A4CB096-6F87-4B7B-BA78-2D7FB4648E90}.Debug|x64.ActiveCfg = Debug|x64
		{3A4CB096-6F87-4B7B-BA78-2D7FB4648E90}.Debug|x64.Build.0 = Debug|x64
		{3A4CB096-6F87-4B7B-BA78-2D7FB4648E90}.Debug|x86.ActiveCfg = Debug|Win32
		{3A4CB096-6F87-4B7B-BA78-2D7FB4648E90}.Debug|x86.Build.0 = Debug|Win32
		{3A4CB096-6F87-4B7B-BA78-2D7FB4648E90}.Release|x64.ActiveCfg = Release|x64
		{3A4CB096-6F87-4B7B-BA78-2D7FB4648E90}.Release|x64.Build.0 = Release|x64
		{3A4CB096-6F87-4B7B-BA78-2D7FB4648E90}.Release|x86.ActiveCfg = Release|Win32
		{3A4CB096-6F87-4B7B-BA78-2D7FB4648E90}.Release|x86.Build.0 = Release|Win32
	EndGlobalSection
	GlobalSection(SolutionProperties) = preSolution
		HideSolutionNode = FALSE
	EndGlobalSection
	GlobalSection(NestedProjects) = preSolution
		{CF032A6F-36E4-4CF8-BC01-B63D021B2CA9} = {D37F8BE8-7FBB-4761-AF79-65BB0308351B}
		{9D9DF584-C892-4CB6-B531-C085E803DADE} = {D37F8BE8-7FBB-4761-AF79-65BB0308351B}
		{9936A2EE-0C27-421E-93E1-5D72851E4706} = {D37F8BE8-7FBB-4761-AF79-65BB0308351B}
		{90EEEF07-258A-49A1-AEC4-325A51F8FC06} = {D37F8BE8-7FBB-4761-AF79-65BB0308351B}
		{31A3C5FD-DEB8-465E-8F93-956E554C2604} = {D37F8BE8-7FBB-4761-AF79-65BB0308351B}
		{AB2D9AF3-63CE-47CC-8E2F-41D1ED4220A1} = {D37F8BE8-7FBB-4761-AF79-65BB0308351B}
		{6191B53E-E40C-4410-8329-255D37E88D3E} = {D37F8BE8-7FBB-4761-AF79-65BB0308351B}
		{EB51E9EE-CC6E-4E81-BA9A-B33A024BE528} = {E45DCA76-7BD0-47F9-9409-2515671EE8AF}
		{664E6F0D-6784-4760-9565-D54F8EB1EDF4} = {9D805A2D-F2EF-4276-BC76-C0E645AA8F9D}
		{81CE8DAF-EBB2-4761-8E45-B71ABCCA8C68} = {9D805A2D-F2EF-4276-BC76-C0E645AA8F9D}
		{DA956FD3-E142-46F2-9DD5-C78BEBB56B7A} = {9D805A2D-F2EF-4276-BC76-C0E645AA8F9D}
		{2BD5534E-00E2-4BEA-AC96-D9A92EA24696} = {9D805A2D-F2EF-4276-BC76-C0E645AA8F9D}
		{DDDBD07D-DC76-4AF6-8D02-3E2DEB6EE255} = {9D805A2D-F2EF-4276-BC76-C0E645AA8F9D}
		{3A4CB096-6F87-4B7B-BA78-2D7FB4648E90} = {E45DCA76-7BD0-47F9-9409-2515671EE8AF}
	EndGlobalSection
EndGlobal
